// !$*UTF8*$!
{
	archiveVersion = 1;
	classes = {
	};
	objectVersion = 51;
	objects = {

/* Begin PBXBuildFile section */
		4DF941162D62190272B2C7BA /* Pods_FlutterMixedOCDemo.framework in Frameworks */ = {isa = PBXBuildFile; fileRef = 57B6AD687616687B0F7769F0 /* Pods_FlutterMixedOCDemo.framework */; };
		CA35B4CB240614DD00EF415A /* AppDelegate.m in Sources */ = {isa = PBXBuildFile; fileRef = CA35B4CA240614DD00EF415A /* AppDelegate.m */; };
		CA35B4CE240614DD00EF415A /* SceneDelegate.m in Sources */ = {isa = PBXBuildFile; fileRef = CA35B4CD240614DD00EF415A /* SceneDelegate.m */; };
		CA35B4D1240614DD00EF415A /* ViewController.m in Sources */ = {isa = PBXBuildFile; fileRef = CA35B4D0240614DD00EF415A /* ViewController.m */; };
		CA35B4D4240614DD00EF415A /* Main.storyboard in Resources */ = {isa = PBXBuildFile; fileRef = CA35B4D2240614DD00EF415A /* Main.storyboard */; };
		CA35B4D6240614E000EF415A /* Assets.xcassets in Resources */ = {isa = PBXBuildFile; fileRef = CA35B4D5240614E000EF415A /* Assets.xcassets */; };
		CA35B4D9240614E000EF415A /* LaunchScreen.storyboard in Resources */ = {isa = PBXBuildFile; fileRef = CA35B4D7240614E000EF415A /* LaunchScreen.storyboard */; };
		CA35B4DC240614E000EF415A /* main.m in Sources */ = {isa = PBXBuildFile; fileRef = CA35B4DB240614E000EF415A /* main.m */; };
/* End PBXBuildFile section */

/* Begin PBXFileReference section */
		57B6AD687616687B0F7769F0 /* Pods_FlutterMixedOCDemo.framework */ = {isa = PBXFileReference; explicitFileType = wrapper.framework; includeInIndex = 0; path = Pods_FlutterMixedOCDemo.framework; sourceTree = BUILT_PRODUCTS_DIR; };
		7CCEEA16BD07F831F2C18F78 /* Pods-FlutterMixedOCDemo.release.xcconfig */ = {isa = PBXFileReference; includeInIndex = 1; lastKnownFileType = text.xcconfig; name = "Pods-FlutterMixedOCDemo.release.xcconfig"; path = "Target Support Files/Pods-FlutterMixedOCDemo/Pods-FlutterMixedOCDemo.release.xcconfig"; sourceTree = "<group>"; };
		CA35B4C6240614DD00EF415A /* FlutterMixedOCDemo.app */ = {isa = PBXFileReference; explicitFileType = wrapper.application; includeInIndex = 0; path = FlutterMixedOCDemo.app; sourceTree = BUILT_PRODUCTS_DIR; };
		CA35B4C9240614DD00EF415A /* AppDelegate.h */ = {isa = PBXFileReference; lastKnownFileType = sourcecode.c.h; path = AppDelegate.h; sourceTree = "<group>"; };
		CA35B4CA240614DD00EF415A /* AppDelegate.m */ = {isa = PBXFileReference; lastKnownFileType = sourcecode.c.objc; path = AppDelegate.m; sourceTree = "<group>"; };
		CA35B4CC240614DD00EF415A /* SceneDelegate.h */ = {isa = PBXFileReference; lastKnownFileType = sourcecode.c.h; path = SceneDelegate.h; sourceTree = "<group>"; };
		CA35B4CD240614DD00EF415A /* SceneDelegate.m */ = {isa = PBXFileReference; lastKnownFileType = sourcecode.c.objc; path = SceneDelegate.m; sourceTree = "<group>"; };
		CA35B4CF240614DD00EF415A /* ViewController.h */ = {isa = PBXFileReference; lastKnownFileType = sourcecode.c.h; path = ViewController.h; sourceTree = "<group>"; };
		CA35B4D0240614DD00EF415A /* ViewController.m */ = {isa = PBXFileReference; lastKnownFileType = sourcecode.c.objc; path = ViewController.m; sourceTree = "<group>"; };
		CA35B4D3240614DD00EF415A /* Base */ = {isa = PBXFileReference; lastKnownFileType = file.storyboard; name = Base; path = Base.lproj/Main.storyboard; sourceTree = "<group>"; };
		CA35B4D5240614E000EF415A /* Assets.xcassets */ = {isa = PBXFileReference; lastKnownFileType = folder.assetcatalog; path = Assets.xcassets; sourceTree = "<group>"; };
		CA35B4D8240614E000EF415A /* Base */ = {isa = PBXFileReference; lastKnownFileType = file.storyboard; name = Base; path = Base.lproj/LaunchScreen.storyboard; sourceTree = "<group>"; };
		CA35B4DA240614E000EF415A /* Info.plist */ = {isa = PBXFileReference; lastKnownFileType = text.plist.xml; path = Info.plist; sourceTree = "<group>"; };
		CA35B4DB240614E000EF415A /* main.m */ = {isa = PBXFileReference; lastKnownFileType = sourcecode.c.objc; path = main.m; sourceTree = "<group>"; };
		EBE2816074F7E03D8350AEB5 /* Pods-FlutterMixedOCDemo.debug.xcconfig */ = {isa = PBXFileReference; includeInIndex = 1; lastKnownFileType = text.xcconfig; name = "Pods-FlutterMixedOCDemo.debug.xcconfig"; path = "Target Support Files/Pods-FlutterMixedOCDemo/Pods-FlutterMixedOCDemo.debug.xcconfig"; sourceTree = "<group>"; };
/* End PBXFileReference section */

/* Begin PBXFrameworksBuildPhase section */
		CA35B4C3240614DD00EF415A /* Frameworks */ = {
			isa = PBXFrameworksBuildPhase;
			buildActionMask = 2147483647;
			files = (
				4DF941162D62190272B2C7BA /* Pods_FlutterMixedOCDemo.framework in Frameworks */,
			);
			runOnlyForDeploymentPostprocessing = 0;
		};
/* End PBXFrameworksBuildPhase section */

/* Begin PBXGroup section */
		14C1223D3B5EE926A9B9B02D /* Frameworks */ = {
			isa = PBXGroup;
			children = (
				57B6AD687616687B0F7769F0 /* Pods_FlutterMixedOCDemo.framework */,
			);
			name = Frameworks;
			sourceTree = "<group>";
		};
		CA35B4BD240614DD00EF415A = {
			isa = PBXGroup;
			children = (
				CA35B4C8240614DD00EF415A /* FlutterMixedOCDemo */,
				CA35B4C7240614DD00EF415A /* Products */,
				D46980D634CD5F5BA7DED33B /* Pods */,
				14C1223D3B5EE926A9B9B02D /* Frameworks */,
			);
			sourceTree = "<group>";
		};
		CA35B4C7240614DD00EF415A /* Products */ = {
			isa = PBXGroup;
			children = (
				CA35B4C6240614DD00EF415A /* FlutterMixedOCDemo.app */,
			);
			name = Products;
			sourceTree = "<group>";
		};
		CA35B4C8240614DD00EF415A /* FlutterMixedOCDemo */ = {
			isa = PBXGroup;
			children = (
				CA35B4C9240614DD00EF415A /* AppDelegate.h */,
				CA35B4CA240614DD00EF415A /* AppDelegate.m */,
				CA35B4CC240614DD00EF415A /* SceneDelegate.h */,
				CA35B4CD240614DD00EF415A /* SceneDelegate.m */,
				CA35B4CF240614DD00EF415A /* ViewController.h */,
				CA35B4D0240614DD00EF415A /* ViewController.m */,
				CA35B4D2240614DD00EF415A /* Main.storyboard */,
				CA35B4D5240614E000EF415A /* Assets.xcassets */,
				CA35B4D7240614E000EF415A /* LaunchScreen.storyboard */,
				CA35B4DA240614E000EF415A /* Info.plist */,
				CA35B4DB240614E000EF415A /* main.m */,
			);
			path = FlutterMixedOCDemo;
			sourceTree = "<group>";
		};
		D46980D634CD5F5BA7DED33B /* Pods */ = {
			isa = PBXGroup;
			children = (
				EBE2816074F7E03D8350AEB5 /* Pods-FlutterMixedOCDemo.debug.xcconfig */,
				7CCEEA16BD07F831F2C18F78 /* Pods-FlutterMixedOCDemo.release.xcconfig */,
			);
			path = Pods;
			sourceTree = "<group>";
		};
/* End PBXGroup section */

/* Begin PBXNativeTarget section */
		CA35B4C5240614DD00EF415A /* FlutterMixedOCDemo */ = {
			isa = PBXNativeTarget;
			buildConfigurationList = CA35B4DF240614E000EF415A /* Build configuration list for PBXNativeTarget "FlutterMixedOCDemo" */;
			buildPhases = (
				5906BBC9EA93E25D781395B7 /* [CP] Check Pods Manifest.lock */,
				F932990395FE70CC945C931D /* [CP-User] Run Flutter Build Script */,
				CA35B4C2240614DD00EF415A /* Sources */,
				CA35B4C3240614DD00EF415A /* Frameworks */,
				CA35B4C4240614DD00EF415A /* Resources */,
				059182B24383005623F6738F /* [CP] Embed Pods Frameworks */,
			);
			buildRules = (
			);
			dependencies = (
			);
			name = FlutterMixedOCDemo;
			productName = FlutterMixedOCDemo;
			productReference = CA35B4C6240614DD00EF415A /* FlutterMixedOCDemo.app */;
			productType = "com.apple.product-type.application";
		};
/* End PBXNativeTarget section */

/* Begin PBXProject section */
		CA35B4BE240614DD00EF415A /* Project object */ = {
			isa = PBXProject;
			attributes = {
				LastUpgradeCheck = 1130;
				ORGANIZATIONNAME = "王贵彬";
				TargetAttributes = {
					CA35B4C5240614DD00EF415A = {
						CreatedOnToolsVersion = 11.3.1;
					};
				};
			};
			buildConfigurationList = CA35B4C1240614DD00EF415A /* Build configuration list for PBXProject "FlutterMixedOCDemo" */;
			compatibilityVersion = "Xcode 9.3";
			developmentRegion = en;
			hasScannedForEncodings = 0;
			knownRegions = (
				en,
				Base,
			);
			mainGroup = CA35B4BD240614DD00EF415A;
			productRefGroup = CA35B4C7240614DD00EF415A /* Products */;
			projectDirPath = "";
			projectRoot = "";
			targets = (
				CA35B4C5240614DD00EF415A /* FlutterMixedOCDemo */,
			);
		};
/* End PBXProject section */

/* Begin PBXResourcesBuildPhase section */
		CA35B4C4240614DD00EF415A /* Resources */ = {
			isa = PBXResourcesBuildPhase;
			buildActionMask = 2147483647;
			files = (
				CA35B4D9240614E000EF415A /* LaunchScreen.storyboard in Resources */,
				CA35B4D6240614E000EF415A /* Assets.xcassets in Resources */,
				CA35B4D4240614DD00EF415A /* Main.storyboard in Resources */,
			);
			runOnlyForDeploymentPostprocessing = 0;
		};
/* End PBXResourcesBuildPhase section */

/* Begin PBXShellScriptBuildPhase section */
		059182B24383005623F6738F /* [CP] Embed Pods Frameworks */ = {
			isa = PBXShellScriptBuildPhase;
			buildActionMask = 2147483647;
			files = (
			);
			inputFileListPaths = (
				"${PODS_ROOT}/Target Support Files/Pods-FlutterMixedOCDemo/Pods-FlutterMixedOCDemo-frameworks-${CONFIGURATION}-input-files.xcfilelist",
			);
			name = "[CP] Embed Pods Frameworks";
			outputFileListPaths = (
				"${PODS_ROOT}/Target Support Files/Pods-FlutterMixedOCDemo/Pods-FlutterMixedOCDemo-frameworks-${CONFIGURATION}-output-files.xcfilelist",
			);
			runOnlyForDeploymentPostprocessing = 0;
			shellPath = /bin/sh;
			shellScript = "\"${PODS_ROOT}/Target Support Files/Pods-FlutterMixedOCDemo/Pods-FlutterMixedOCDemo-frameworks.sh\"\n";
			showEnvVarsInLog = 0;
		};
		5906BBC9EA93E25D781395B7 /* [CP] Check Pods Manifest.lock */ = {
			isa = PBXShellScriptBuildPhase;
			buildActionMask = 2147483647;
			files = (
			);
			inputFileListPaths = (
			);
			inputPaths = (
				"${PODS_PODFILE_DIR_PATH}/Podfile.lock",
				"${PODS_ROOT}/Manifest.lock",
			);
			name = "[CP] Check Pods Manifest.lock";
			outputFileListPaths = (
			);
			outputPaths = (
				"$(DERIVED_FILE_DIR)/Pods-FlutterMixedOCDemo-checkManifestLockResult.txt",
			);
			runOnlyForDeploymentPostprocessing = 0;
			shellPath = /bin/sh;
			shellScript = "diff \"${PODS_PODFILE_DIR_PATH}/Podfile.lock\" \"${PODS_ROOT}/Manifest.lock\" > /dev/null\nif [ $? != 0 ] ; then\n    # print error to STDERR\n    echo \"error: The sandbox is not in sync with the Podfile.lock. Run 'pod install' or update your CocoaPods installation.\" >&2\n    exit 1\nfi\n# This output is used by Xcode 'outputs' to avoid re-running this script phase.\necho \"SUCCESS\" > \"${SCRIPT_OUTPUT_FILE_0}\"\n";
			showEnvVarsInLog = 0;
		};
		F932990395FE70CC945C931D /* [CP-User] Run Flutter Build Script */ = {
			isa = PBXShellScriptBuildPhase;
			buildActionMask = 2147483647;
			files = (
			);
			inputPaths = (
				"${SRCROOT}/../flutter_module/.metadata",
				"${SRCROOT}/../flutter_module/.ios/Flutter/App.framework/App",
				"${SRCROOT}/../flutter_module/.ios/Flutter/engine/Flutter.framework/Flutter",
				"${SRCROOT}/../flutter_module/.ios/Flutter/flutter_export_environment.sh",
			);
			name = "[CP-User] Run Flutter Build Script";
			runOnlyForDeploymentPostprocessing = 0;
			shellPath = /bin/sh;
			shellScript = "set -e\nset -u\nsource \"${SRCROOT}/../flutter_module/.ios/Flutter/flutter_export_environment.sh\"\n\"$FLUTTER_ROOT\"/packages/flutter_tools/bin/xcode_backend.sh build";
		};
/* End PBXShellScriptBuildPhase section */

/* Begin PBXSourcesBuildPhase section */
		CA35B4C2240614DD00EF415A /* Sources */ = {
			isa = PBXSourcesBuildPhase;
			buildActionMask = 2147483647;
			files = (
				CA35B4D1240614DD00EF415A /* ViewController.m in Sources */,
				CA35B4CB240614DD00EF415A /* AppDelegate.m in Sources */,
				CA35B4DC240614E000EF415A /* main.m in Sources */,
				CA35B4CE240614DD00EF415A /* SceneDelegate.m in Sources */,
			);
			runOnlyForDeploymentPostprocessing = 0;
		};
/* End PBXSourcesBuildPhase section */

/* Begin PBXVariantGroup section */
		CA35B4D2240614DD00EF415A /* Main.storyboard */ = {
			isa = PBXVariantGroup;
			children = (
				CA35B4D3240614DD00EF415A /* Base */,
			);
			name = Main.storyboard;
			sourceTree = "<group>";
		};
		CA35B4D7240614E000EF415A /* LaunchScreen.storyboard */ = {
			isa = PBXVariantGroup;
			children = (
				CA35B4D8240614E000EF415A /* Base */,
			);
			name = LaunchScreen.storyboard;
			sourceTree = "<group>";
		};
/* End PBXVariantGroup section */

/* Begin XCBuildConfiguration section */
		CA35B4DD240614E000EF415A /* Debug */ = {
			isa = XCBuildConfiguration;
			buildSettings = {
				ALWAYS_SEARCH_USER_PATHS = NO;
				CLANG_ANALYZER_NONNULL = YES;
				CLANG_ANALYZER_NUMBER_OBJECT_CONVERSION = YES_AGGRESSIVE;
				CLANG_CXX_LANGUAGE_STANDARD = "gnu++14";
				CLANG_CXX_LIBRARY = "libc++";
				CLANG_ENABLE_MODULES = YES;
				CLANG_ENABLE_OBJC_ARC = YES;
				CLANG_ENABLE_OBJC_WEAK = YES;
				CLANG_WARN_BLOCK_CAPTURE_AUTORELEASING = YES;
				CLANG_WARN_BOOL_CONVERSION = YES;
				CLANG_WARN_COMMA = YES;
				CLANG_WARN_CONSTANT_CONVERSION = YES;
				CLANG_WARN_DEPRECATED_OBJC_IMPLEMENTATIONS = YES;
				CLANG_WARN_DIRECT_OBJC_ISA_USAGE = YES_ERROR;
				CLANG_WARN_DOCUMENTATION_COMMENTS = YES;
				CLANG_WARN_EMPTY_BODY = YES;
				CLANG_WARN_ENUM_CONVERSION = YES;
				CLANG_WARN_INFINITE_RECURSION = YES;
				CLANG_WARN_INT_CONVERSION = YES;
				CLANG_WARN_NON_LITERAL_NULL_CONVERSION = YES;
				CLANG_WARN_OBJC_IMPLICIT_RETAIN_SELF = YES;
				CLANG_WARN_OBJC_LITERAL_CONVERSION = YES;
				CLANG_WARN_OBJC_ROOT_CLASS = YES_ERROR;
				CLANG_WARN_RANGE_LOOP_ANALYSIS = YES;
				CLANG_WARN_STRICT_PROTOTYPES = YES;
				CLANG_WARN_SUSPICIOUS_MOVE = YES;
				CLANG_WARN_UNGUARDED_AVAILABILITY = YES_AGGRESSIVE;
				CLANG_WARN_UNREACHABLE_CODE = YES;
				CLANG_WARN__DUPLICATE_METHOD_MATCH = YES;
				COPY_PHASE_STRIP = NO;
				DEBUG_INFORMATION_FORMAT = dwarf;
				ENABLE_STRICT_OBJC_MSGSEND = YES;
				ENABLE_TESTABILITY = YES;
				GCC_C_LANGUAGE_STANDARD = gnu11;
				GCC_DYNAMIC_NO_PIC = NO;
				GCC_NO_COMMON_BLOCKS = YES;
				GCC_OPTIMIZATION_LEVEL = 0;
				GCC_PREPROCESSOR_DEFINITIONS = (
					"DEBUG=1",
					"$(inherited)",
				);
				GCC_WARN_64_TO_32_BIT_CONVERSION = YES;
				GCC_WARN_ABOUT_RETURN_TYPE = YES_ERROR;
				GCC_WARN_UNDECLARED_SELECTOR = YES;
				GCC_WARN_UNINITIALIZED_AUTOS = YES_AGGRESSIVE;
				GCC_WARN_UNUSED_FUNCTION = YES;
				GCC_WARN_UNUSED_VARIABLE = YES;
				IPHONEOS_DEPLOYMENT_TARGET = 13.2;
				MTL_ENABLE_DEBUG_INFO = INCLUDE_SOURCE;
				MTL_FAST_MATH = YES;
				ONLY_ACTIVE_ARCH = YES;
				SDKROOT = iphoneos;
			};
			name = Debug;
		};
		CA35B4DE240614E000EF415A /* Release */ = {
			isa = XCBuildConfiguration;
			buildSettings = {
				ALWAYS_SEARCH_USER_PATHS = NO;
				CLANG_ANALYZER_NONNULL = YES;
				CLANG_ANALYZER_NUMBER_OBJECT_CONVERSION = YES_AGGRESSIVE;
				CLANG_CXX_LANGUAGE_STANDARD = "gnu++14";
				CLANG_CXX_LIBRARY = "libc++";
				CLANG_ENABLE_MODULES = YES;
				CLANG_ENABLE_OBJC_ARC = YES;
				CLANG_ENABLE_OBJC_WEAK = YES;
				CLANG_WARN_BLOCK_CAPTURE_AUTORELEASING = YES;
				CLANG_WARN_BOOL_CONVERSION = YES;
				CLANG_WARN_COMMA = YES;
				CLANG_WARN_CONSTANT_CONVERSION = YES;
				CLANG_WARN_DEPRECATED_OBJC_IMPLEMENTATIONS = YES;
				CLANG_WARN_DIRECT_OBJC_ISA_USAGE = YES_ERROR;
				CLANG_WARN_DOCUMENTATION_COMMENTS = YES;
				CLANG_WARN_EMPTY_BODY = YES;
				CLANG_WARN_ENUM_CONVERSION = YES;
				CLANG_WARN_INFINITE_RECURSION = YES;
				CLANG_WARN_INT_CONVERSION = YES;
				CLANG_WARN_NON_LITERAL_NULL_CONVERSION = YES;
				CLANG_WARN_OBJC_IMPLICIT_RETAIN_SELF = YES;
				CLANG_WARN_OBJC_LITERAL_CONVERSION = YES;
				CLANG_WARN_OBJC_ROOT_CLASS = YES_ERROR;
				CLANG_WARN_RANGE_LOOP_ANALYSIS = YES;
				CLANG_WARN_STRICT_PROTOTYPES = YES;
				CLANG_WARN_SUSPICIOUS_MOVE = YES;
				CLANG_WARN_UNGUARDED_AVAILABILITY = YES_AGGRESSIVE;
				CLANG_WARN_UNREACHABLE_CODE = YES;
				CLANG_WARN__DUPLICATE_METHOD_MATCH = YES;
				COPY_PHASE_STRIP = NO;
				DEBUG_INFORMATION_FORMAT = "dwarf-with-dsym";
				ENABLE_NS_ASSERTIONS = NO;
				ENABLE_STRICT_OBJC_MSGSEND = YES;
				GCC_C_LANGUAGE_STANDARD = gnu11;
				GCC_NO_COMMON_BLOCKS = YES;
				GCC_WARN_64_TO_32_BIT_CONVERSION = YES;
				GCC_WARN_ABOUT_RETURN_TYPE = YES_ERROR;
				GCC_WARN_UNDECLARED_SELECTOR = YES;
				GCC_WARN_UNINITIALIZED_AUTOS = YES_AGGRESSIVE;
				GCC_WARN_UNUSED_FUNCTION = YES;
				GCC_WARN_UNUSED_VARIABLE = YES;
				IPHONEOS_DEPLOYMENT_TARGET = 13.2;
				MTL_ENABLE_DEBUG_INFO = NO;
				MTL_FAST_MATH = YES;
				SDKROOT = iphoneos;
				VALIDATE_PRODUCT = YES;
			};
			name = Release;
		};
		CA35B4E0240614E000EF415A /* Debug */ = {
			isa = XCBuildConfiguration;
			baseConfigurationReference = EBE2816074F7E03D8350AEB5 /* Pods-FlutterMixedOCDemo.debug.xcconfig */;
			buildSettings = {
				ASSETCATALOG_COMPILER_APPICON_NAME = AppIcon;
				CODE_SIGN_STYLE = Automatic;
				DEVELOPMENT_TEAM = E27WNKVHV9;
				ENABLE_BITCODE = NO;
				INFOPLIST_FILE = FlutterMixedOCDemo/Info.plist;
				LD_RUNPATH_SEARCH_PATHS = (
					"$(inherited)",
					"@executable_path/Frameworks",
				);
				PRODUCT_BUNDLE_IDENTIFIER = com.ChangeWorld.CoderWGB.FlutterMixedOCDemo;
				PRODUCT_NAME = "$(TARGET_NAME)";
				TARGETED_DEVICE_FAMILY = "1,2";
			};
			name = Debug;
		};
		CA35B4E1240614E000EF415A /* Release */ = {
			isa = XCBuildConfiguration;
			baseConfigurationReference = 7CCEEA16BD07F831F2C18F78 /* Pods-FlutterMixedOCDemo.release.xcconfig */;
			buildSettings = {
				ASSETCATALOG_COMPILER_APPICON_NAME = AppIcon;
				CODE_SIGN_STYLE = Automatic;
				DEVELOPMENT_TEAM = E27WNKVHV9;
				ENABLE_BITCODE = NO;
				INFOPLIST_FILE = FlutterMixedOCDemo/Info.plist;
				LD_RUNPATH_SEARCH_PATHS = (
					"$(inherited)",
					"@executable_path/Frameworks",
				);
				PRODUCT_BUNDLE_IDENTIFIER = com.ChangeWorld.CoderWGB.FlutterMixedOCDemo;
				PRODUCT_NAME = "$(TARGET_NAME)";
				TARGETED_DEVICE_FAMILY = "1,2";
			};
			name = Release;
		};
/* End XCBuildConfiguration section */

/* Begin XCConfigurationList section */
		CA35B4C1240614DD00EF415A /* Build configuration list for PBXProject "FlutterMixedOCDemo" */ = {
			isa = XCConfigurationList;
			buildConfigurations = (
				CA35B4DD240614E000EF415A /* Debug */,
				CA35B4DE240614E000EF415A /* Release */,
			);
			defaultConfigurationIsVisible = 0;
			defaultConfigurationName = Release;
		};
		CA35B4DF240614E000EF415A /* Build configuration list for PBXNativeTarget "FlutterMixedOCDemo" */ = {
			isa = XCConfigurationList;
			buildConfigurations = (
				CA35B4E0240614E000EF415A /* Debug */,
				CA35B4E1240614E000EF415A /* Release */,
			);
			defaultConfigurationIsVisible = 0;
			defaultConfigurationName = Release;
		};
/* End XCConfigurationList section */
	};
	rootObject = CA35B4BE240614DD00EF415A /* Project object */;
}
